
Microsoft Visual Studio Solution File, Format Version 12.00
# Visual Studio Version 17
VisualStudioVersion = 17.5.002.0
MinimumVisualStudioVersion = 10.0.40219.1
Project("{9A19103F-16F7-4668-BE54-9A1E7A4F7556}") = "api", "api\api.csproj", "{486E3D9C-83DC-4BE0-AA0B-584CB8765F6C}"
EndProject
Project("{FAE04EC0-301F-11D3-BF4B-00C04F79EFBC}") = "Api.IntegrationTests", "tests\Api.IntegrationTests\Api.IntegrationTests.csproj", "{C215BEC6-9238-4720-A185-38DA9F364A76}"
EndProject
Project("{FAE04EC0-301F-11D3-BF4B-00C04F79EFBC}") = "Api.UnitTests", "tests\Api.UnitTests\Api.UnitTests.csproj", "{12C73EA2-B574-407A-9E93-C4B1EC1F4CD2}"
EndProject
Global
	GlobalSection(SolutionConfigurationPlatforms) = preSolution
		Debug|Any CPU = Debug|Any CPU
		Release|Any CPU = Release|Any CPU
	EndGlobalSection
	GlobalSection(ProjectConfigurationPlatforms) = postSolution
		{486E3D9C-83DC-4BE0-AA0B-584CB8765F6C}.Debug|Any CPU.ActiveCfg = Debug|Any CPU
		{486E3D9C-83DC-4BE0-AA0B-584CB8765F6C}.Debug|Any CPU.Build.0 = Debug|Any CPU
		{486E3D9C-83DC-4BE0-AA0B-584CB8765F6C}.Release|Any CPU.ActiveCfg = Release|Any CPU
		{486E3D9C-83DC-4BE0-AA0B-584CB8765F6C}.Release|Any CPU.Build.0 = Release|Any CPU
		{C215BEC6-9238-4720-A185-38DA9F364A76}.Debug|Any CPU.ActiveCfg = Debug|Any CPU
		{C215BEC6-9238-4720-A185-38DA9F364A76}.Debug|Any CPU.Build.0 = Debug|Any CPU
		{C215BEC6-9238-4720-A185-38DA9F364A76}.Release|Any CPU.ActiveCfg = Release|Any CPU
		{C215BEC6-9238-4720-A185-38DA9F364A76}.Release|Any CPU.Build.0 = Release|Any CPU
		{12C73EA2-B574-407A-9E93-C4B1EC1F4CD2}.Debug|Any CPU.ActiveCfg = Debug|Any CPU
		{12C73EA2-B574-407A-9E93-C4B1EC1F4CD2}.Debug|Any CPU.Build.0 = Debug|Any CPU
		{12C73EA2-B574-407A-9E93-C4B1EC1F4CD2}.Release|Any CPU.ActiveCfg = Release|Any CPU
		{12C73EA2-B574-407A-9E93-C4B1EC1F4CD2}.Release|Any CPU.Build.0 = Release|Any CPU
	EndGlobalSection
	GlobalSection(SolutionProperties) = preSolution
		HideSolutionNode = FALSE
	EndGlobalSection
	GlobalSection(ExtensibilityGlobals) = postSolution
		SolutionGuid = {767B66E1-D158-4C70-B6F1-6CA9B7EA6945}
	EndGlobalSection
EndGlobal
