
Microsoft Visual Studio Solution File, Format Version 12.00
# Visual Studio Version 17
VisualStudioVersion = 17.7.34031.279
MinimumVisualStudioVersion = 10.0.40219.1
Project("{9A19103F-16F7-4668-BE54-9A1E7A4F7556}") = "api", "api\api.csproj", "{3C370A01-716F-4021-A976-D47FDD0FF1C8}"
EndProject
Project("{9A19103F-16F7-4668-BE54-9A1E7A4F7556}") = "api.Tests", "tests\api.Tests\api.Tests.csproj", "{2464459D-B7DE-4DB3-9727-975D055B210A}"
EndProject
Project("{9A19103F-16F7-4668-BE54-9A1E7A4F7556}") = "api.Shared", "api.Shared\api.Shared.csproj", "{44ED465B-DFF2-4DA9-BF09-019873835C22}"
EndProject
Global
	GlobalSection(SolutionConfigurationPlatforms) = preSolution
		Debug|Any CPU = Debug|Any CPU
		Release|Any CPU = Release|Any CPU
	EndGlobalSection
	GlobalSection(ProjectConfigurationPlatforms) = postSolution
		{3C370A01-716F-4021-A976-D47FDD0FF1C8}.Debug|Any CPU.ActiveCfg = Debug|Any CPU
		{3C370A01-716F-4021-A976-D47FDD0FF1C8}.Debug|Any CPU.Build.0 = Debug|Any CPU
		{3C370A01-716F-4021-A976-D47FDD0FF1C8}.Release|Any CPU.ActiveCfg = Release|Any CPU
		{3C370A01-716F-4021-A976-D47FDD0FF1C8}.Release|Any CPU.Build.0 = Release|Any CPU
		{2464459D-B7DE-4DB3-9727-975D055B210A}.Debug|Any CPU.ActiveCfg = Debug|Any CPU
		{2464459D-B7DE-4DB3-9727-975D055B210A}.Debug|Any CPU.Build.0 = Debug|Any CPU
		{2464459D-B7DE-4DB3-9727-975D055B210A}.Release|Any CPU.ActiveCfg = Release|Any CPU
		{2464459D-B7DE-4DB3-9727-975D055B210A}.Release|Any CPU.Build.0 = Release|Any CPU
		{44ED465B-DFF2-4DA9-BF09-019873835C22}.Debug|Any CPU.ActiveCfg = Debug|Any CPU
		{44ED465B-DFF2-4DA9-BF09-019873835C22}.Debug|Any CPU.Build.0 = Debug|Any CPU
		{44ED465B-DFF2-4DA9-BF09-019873835C22}.Release|Any CPU.ActiveCfg = Release|Any CPU
		{44ED465B-DFF2-4DA9-BF09-019873835C22}.Release|Any CPU.Build.0 = Release|Any CPU
	EndGlobalSection
	GlobalSection(SolutionProperties) = preSolution
		HideSolutionNode = FALSE
	EndGlobalSection
	GlobalSection(ExtensibilityGlobals) = postSolution
		SolutionGuid = {E6B4C2C7-0ED1-4DC6-9B44-F33C6F62AA10}
	EndGlobalSection
EndGlobal
